{
  "originHash" : "a5f497efedbf6d8e136e7031b9dbee313d4f347f72396c7216cc82c0e9e5b8d3",
  "pins" : [
    {
      "identity" : "hw-transport-ios-ble",
      "kind" : "remoteSourceControl",
      "location" : "https://github.com/LedgerHQ/hw-transport-ios-ble.git",
      "state" : {
        "revision" : "4df8fff21c1738a1dff4d2ee19175dd3263d6c5f",
        "version" : "1.0.1"
      }
    },
    {
      "identity" : "sparkle",
      "kind" : "remoteSourceControl",
      "location" : "https://github.com/sparkle-project/Sparkle",
      "state" : {
        "revision" : "066e75a8b3e99962685d6a90cdd5293ebffd9261",
        "version" : "2.9.1"
      }
    }
  ],
  "version" : 3
}
