{
  "originHash" : "7fa91347e6b4cb6c64c757fe07994c0cfee6d0d16f3e787ef039c839a386558a",
  "pins" : [
    {
      "identity" : "hw-transport-ios-ble",
      "kind" : "remoteSourceControl",
      "location" : "https://github.com/chainapsis/hw-transport-ios-ble.git",
      "state" : {
        "revision" : "75764d86c292ade766f2e9e9d46f061722af9ab8"
      }
    },
    {
      "identity" : "sparkle",
      "kind" : "remoteSourceControl",
      "location" : "https://github.com/sparkle-project/Sparkle",
      "state" : {
        "revision" : "066e75a8b3e99962685d6a90cdd5293ebffd9261",
        "version" : "2.9.1"
      }
    }
  ],
  "version" : 3
}
